// !$*UTF8*$!
{
	archiveVersion = 1;
	classes = {
	};
	objectVersion = 50;
	objects = {

/* Begin PBXBuildFile section */
		C2E63CC125A73AA900F2696C /* AppDelegate.swift in Sources */ = {isa = PBXBuildFile; fileRef = C2E63CC025A73AA900F2696C /* AppDelegate.swift */; };
		C2E63CC325A73AA900F2696C /* SceneDelegate.swift in Sources */ = {isa = PBXBuildFile; fileRef = C2E63CC225A73AA900F2696C /* SceneDelegate.swift */; };
		C2E63CC525A73AA900F2696C /* ContentView.swift in Sources */ = {isa = PBXBuildFile; fileRef = C2E63CC425A73AA900F2696C /* ContentView.swift */; };
		C2E63CC725A73AAA00F2696C /* Assets.xcassets in Resources */ = {isa = PBXBuildFile; fileRef = C2E63CC625A73AAA00F2696C /* Assets.xcassets */; };
		C2E63CCA25A73AAA00F2696C /* Preview Assets.xcassets in Resources */ = {isa = PBXBuildFile; fileRef = C2E63CC925A73AAA00F2696C /* Preview Assets.xcassets */; };
		C2E63CCD25A73AAA00F2696C /* LaunchScreen.storyboard in Resources */ = {isa = PBXBuildFile; fileRef = C2E63CCB25A73AAA00F2696C /* LaunchScreen.storyboard */; };
		C2E63CD825A73AAA00F2696C /* AnanKaewsaart_iOS_DeveloperTests.swift in Sources */ = {isa = PBXBuildFile; fileRef = C2E63CD725A73AAA00F2696C /* AnanKaewsaart_iOS_DeveloperTests.swift */; };
		C2E63CE325A73AAB00F2696C /* AnanKaewsaart_iOS_DeveloperUITests.swift in Sources */ = {isa = PBXBuildFile; fileRef = C2E63CE225A73AAB00F2696C /* AnanKaewsaart_iOS_DeveloperUITests.swift */; };
/* End PBXBuildFile section */

/* Begin PBXContainerItemProxy section */
		C2E63CD425A73AAA00F2696C /* PBXContainerItemProxy */ = {
			isa = PBXContainerItemProxy;
			containerPortal = C2E63CB525A73AA800F2696C /* Project object */;
			proxyType = 1;
			remoteGlobalIDString = C2E63CBC25A73AA800F2696C;
			remoteInfo = "AnanKaewsaart iOS Developer";
		};
		C2E63CDF25A73AAA00F2696C /* PBXContainerItemProxy */ = {
			isa = PBXContainerItemProxy;
			containerPortal = C2E63CB525A73AA800F2696C /* Project object */;
			proxyType = 1;
			remoteGlobalIDString = C2E63CBC25A73AA800F2696C;
			remoteInfo = "AnanKaewsaart iOS Developer";
		};
/* End PBXContainerItemProxy section */

/* Begin PBXFileReference section */
		C2E63CBD25A73AA800F2696C /* AnanKaewsaart iOS Developer.app */ = {isa = PBXFileReference; explicitFileType = wrapper.application; includeInIndex = 0; path = "AnanKaewsaart iOS Developer.app"; sourceTree = BUILT_PRODUCTS_DIR; };
		C2E63CC025A73AA900F2696C /* AppDelegate.swift */ = {isa = PBXFileReference; lastKnownFileType = sourcecode.swift; path = AppDelegate.swift; sourceTree = "<group>"; };
		C2E63CC225A73AA900F2696C /* SceneDelegate.swift */ = {isa = PBXFileReference; lastKnownFileType = sourcecode.swift; path = SceneDelegate.swift; sourceTree = "<group>"; };
		C2E63CC425A73AA900F2696C /* ContentView.swift */ = {isa = PBXFileReference; lastKnownFileType = sourcecode.swift; path = ContentView.swift; sourceTree = "<group>"; };
		C2E63CC625A73AAA00F2696C /* Assets.xcassets */ = {isa = PBXFileReference; lastKnownFileType = folder.assetcatalog; path = Assets.xcassets; sourceTree = "<group>"; };
		C2E63CC925A73AAA00F2696C /* Preview Assets.xcassets */ = {isa = PBXFileReference; lastKnownFileType = folder.assetcatalog; path = "Preview Assets.xcassets"; sourceTree = "<group>"; };
		C2E63CCC25A73AAA00F2696C /* Base */ = {isa = PBXFileReference; lastKnownFileType = file.storyboard; name = Base; path = Base.lproj/LaunchScreen.storyboard; sourceTree = "<group>"; };
		C2E63CCE25A73AAA00F2696C /* Info.plist */ = {isa = PBXFileReference; lastKnownFileType = text.plist.xml; path = Info.plist; sourceTree = "<group>"; };
		C2E63CD325A73AAA00F2696C /* AnanKaewsaart iOS DeveloperTests.xctest */ = {isa = PBXFileReference; explicitFileType = wrapper.cfbundle; includeInIndex = 0; path = "AnanKaewsaart iOS DeveloperTests.xctest"; sourceTree = BUILT_PRODUCTS_DIR; };
		C2E63CD725A73AAA00F2696C /* AnanKaewsaart_iOS_DeveloperTests.swift */ = {isa = PBXFileReference; lastKnownFileType = sourcecode.swift; path = AnanKaewsaart_iOS_DeveloperTests.swift; sourceTree = "<group>"; };
		C2E63CD925A73AAA00F2696C /* Info.plist */ = {isa = PBXFileReference; lastKnownFileType = text.plist.xml; path = Info.plist; sourceTree = "<group>"; };
		C2E63CDE25A73AAA00F2696C /* AnanKaewsaart iOS DeveloperUITests.xctest */ = {isa = PBXFileReference; explicitFileType = wrapper.cfbundle; includeInIndex = 0; path = "AnanKaewsaart iOS DeveloperUITests.xctest"; sourceTree = BUILT_PRODUCTS_DIR; };
		C2E63CE225A73AAB00F2696C /* AnanKaewsaart_iOS_DeveloperUITests.swift */ = {isa = PBXFileReference; lastKnownFileType = sourcecode.swift; path = AnanKaewsaart_iOS_DeveloperUITests.swift; sourceTree = "<group>"; };
		C2E63CE425A73AAB00F2696C /* Info.plist */ = {isa = PBXFileReference; lastKnownFileType = text.plist.xml; path = Info.plist; sourceTree = "<group>"; };
/* End PBXFileReference section */

/* Begin PBXFrameworksBuildPhase section */
		C2E63CBA25A73AA800F2696C /* Frameworks */ = {
			isa = PBXFrameworksBuildPhase;
			buildActionMask = 2147483647;
			files = (
			);
			runOnlyForDeploymentPostprocessing = 0;
		};
		C2E63CD025A73AAA00F2696C /* Frameworks */ = {
			isa = PBXFrameworksBuildPhase;
			buildActionMask = 2147483647;
			files = (
			);
			runOnlyForDeploymentPostprocessing = 0;
		};
		C2E63CDB25A73AAA00F2696C /* Frameworks */ = {
			isa = PBXFrameworksBuildPhase;
			buildActionMask = 2147483647;
			files = (
			);
			runOnlyForDeploymentPostprocessing = 0;
		};
/* End PBXFrameworksBuildPhase section */

/* Begin PBXGroup section */
		C2E63CB425A73AA800F2696C = {
			isa = PBXGroup;
			children = (
				C2E63CBF25A73AA900F2696C /* AnanKaewsaart iOS Developer */,
				C2E63CD625A73AAA00F2696C /* AnanKaewsaart iOS DeveloperTests */,
				C2E63CE125A73AAA00F2696C /* AnanKaewsaart iOS DeveloperUITests */,
				C2E63CBE25A73AA800F2696C /* Products */,
			);
			sourceTree = "<group>";
		};
		C2E63CBE25A73AA800F2696C /* Products */ = {
			isa = PBXGroup;
			children = (
				C2E63CBD25A73AA800F2696C /* AnanKaewsaart iOS Developer.app */,
				C2E63CD325A73AAA00F2696C /* AnanKaewsaart iOS DeveloperTests.xctest */,
				C2E63CDE25A73AAA00F2696C /* AnanKaewsaart iOS DeveloperUITests.xctest */,
			);
			name = Products;
			sourceTree = "<group>";
		};
		C2E63CBF25A73AA900F2696C /* AnanKaewsaart iOS Developer */ = {
			isa = PBXGroup;
			children = (
				C2E63CC025A73AA900F2696C /* AppDelegate.swift */,
				C2E63CC225A73AA900F2696C /* SceneDelegate.swift */,
				C2E63CC425A73AA900F2696C /* ContentView.swift */,
				C2E63CC625A73AAA00F2696C /* Assets.xcassets */,
				C2E63CCB25A73AAA00F2696C /* LaunchScreen.storyboard */,
				C2E63CCE25A73AAA00F2696C /* Info.plist */,
				C2E63CC825A73AAA00F2696C /* Preview Content */,
			);
			path = "AnanKaewsaart iOS Developer";
			sourceTree = "<group>";
		};
		C2E63CC825A73AAA00F2696C /* Preview Content */ = {
			isa = PBXGroup;
			children = (
				C2E63CC925A73AAA00F2696C /* Preview Assets.xcassets */,
			);
			path = "Preview Content";
			sourceTree = "<group>";
		};
		C2E63CD625A73AAA00F2696C /* AnanKaewsaart iOS DeveloperTests */ = {
			isa = PBXGroup;
			children = (
				C2E63CD725A73AAA00F2696C /* AnanKaewsaart_iOS_DeveloperTests.swift */,
				C2E63CD925A73AAA00F2696C /* Info.plist */,
			);
			path = "AnanKaewsaart iOS DeveloperTests";
			sourceTree = "<group>";
		};
		C2E63CE125A73AAA00F2696C /* AnanKaewsaart iOS DeveloperUITests */ = {
			isa = PBXGroup;
			children = (
				C2E63CE225A73AAB00F2696C /* AnanKaewsaart_iOS_DeveloperUITests.swift */,
				C2E63CE425A73AAB00F2696C /* Info.plist */,
			);
			path = "AnanKaewsaart iOS DeveloperUITests";
			sourceTree = "<group>";
		};
/* End PBXGroup section */

/* Begin PBXNativeTarget section */
		C2E63CBC25A73AA800F2696C /* AnanKaewsaart iOS Developer */ = {
			isa = PBXNativeTarget;
			buildConfigurationList = C2E63CE725A73AAB00F2696C /* Build configuration list for PBXNativeTarget "AnanKaewsaart iOS Developer" */;
			buildPhases = (
				C2E63CB925A73AA800F2696C /* Sources */,
				C2E63CBA25A73AA800F2696C /* Frameworks */,
				C2E63CBB25A73AA800F2696C /* Resources */,
			);
			buildRules = (
			);
			dependencies = (
			);
			name = "AnanKaewsaart iOS Developer";
			productName = "AnanKaewsaart iOS Developer";
			productReference = C2E63CBD25A73AA800F2696C /* AnanKaewsaart iOS Developer.app */;
			productType = "com.apple.product-type.application";
		};
		C2E63CD225A73AAA00F2696C /* AnanKaewsaart iOS DeveloperTests */ = {
			isa = PBXNativeTarget;
			buildConfigurationList = C2E63CEA25A73AAB00F2696C /* Build configuration list for PBXNativeTarget "AnanKaewsaart iOS DeveloperTests" */;
			buildPhases = (
				C2E63CCF25A73AAA00F2696C /* Sources */,
				C2E63CD025A73AAA00F2696C /* Frameworks */,
				C2E63CD125A73AAA00F2696C /* Resources */,
			);
			buildRules = (
			);
			dependencies = (
				C2E63CD525A73AAA00F2696C /* PBXTargetDependency */,
			);
			name = "AnanKaewsaart iOS DeveloperTests";
			productName = "AnanKaewsaart iOS DeveloperTests";
			productReference = C2E63CD325A73AAA00F2696C /* AnanKaewsaart iOS DeveloperTests.xctest */;
			productType = "com.apple.product-type.bundle.unit-test";
		};
		C2E63CDD25A73AAA00F2696C /* AnanKaewsaart iOS DeveloperUITests */ = {
			isa = PBXNativeTarget;
			buildConfigurationList = C2E63CED25A73AAB00F2696C /* Build configuration list for PBXNativeTarget "AnanKaewsaart iOS DeveloperUITests" */;
			buildPhases = (
				C2E63CDA25A73AAA00F2696C /* Sources */,
				C2E63CDB25A73AAA00F2696C /* Frameworks */,
				C2E63CDC25A73AAA00F2696C /* Resources */,
			);
			buildRules = (
			);
			dependencies = (
				C2E63CE025A73AAA00F2696C /* PBXTargetDependency */,
			);
			name = "AnanKaewsaart iOS DeveloperUITests";
			productName = "AnanKaewsaart iOS DeveloperUITests";
			productReference = C2E63CDE25A73AAA00F2696C /* AnanKaewsaart iOS DeveloperUITests.xctest */;
			productType = "com.apple.product-type.bundle.ui-testing";
		};
/* End PBXNativeTarget section */

/* Begin PBXProject section */
		C2E63CB525A73AA800F2696C /* Project object */ = {
			isa = PBXProject;
			attributes = {
				LastSwiftUpdateCheck = 1170;
				LastUpgradeCheck = 1170;
				ORGANIZATIONNAME = "Anan Kaewsaart";
				TargetAttributes = {
					C2E63CBC25A73AA800F2696C = {
						CreatedOnToolsVersion = 11.7;
					};
					C2E63CD225A73AAA00F2696C = {
						CreatedOnToolsVersion = 11.7;
						TestTargetID = C2E63CBC25A73AA800F2696C;
					};
					C2E63CDD25A73AAA00F2696C = {
						CreatedOnToolsVersion = 11.7;
						TestTargetID = C2E63CBC25A73AA800F2696C;
					};
				};
			};
			buildConfigurationList = C2E63CB825A73AA800F2696C /* Build configuration list for PBXProject "AnanKaewsaart iOS Developer" */;
			compatibilityVersion = "Xcode 9.3";
			developmentRegion = en;
			hasScannedForEncodings = 0;
			knownRegions = (
				en,
				Base,
			);
			mainGroup = C2E63CB425A73AA800F2696C;
			productRefGroup = C2E63CBE25A73AA800F2696C /* Products */;
			projectDirPath = "";
			projectRoot = "";
			targets = (
				C2E63CBC25A73AA800F2696C /* AnanKaewsaart iOS Developer */,
				C2E63CD225A73AAA00F2696C /* AnanKaewsaart iOS DeveloperTests */,
				C2E63CDD25A73AAA00F2696C /* AnanKaewsaart iOS DeveloperUITests */,
			);
		};
/* End PBXProject section */

/* Begin PBXResourcesBuildPhase section */
		C2E63CBB25A73AA800F2696C /* Resources */ = {
			isa = PBXResourcesBuildPhase;
			buildActionMask = 2147483647;
			files = (
				C2E63CCD25A73AAA00F2696C /* LaunchScreen.storyboard in Resources */,
				C2E63CCA25A73AAA00F2696C /* Preview Assets.xcassets in Resources */,
				C2E63CC725A73AAA00F2696C /* Assets.xcassets in Resources */,
			);
			runOnlyForDeploymentPostprocessing = 0;
		};
		C2E63CD125A73AAA00F2696C /* Resources */ = {
			isa = PBXResourcesBuildPhase;
			buildActionMask = 2147483647;
			files = (
			);
			runOnlyForDeploymentPostprocessing = 0;
		};
		C2E63CDC25A73AAA00F2696C /* Resources */ = {
			isa = PBXResourcesBuildPhase;
			buildActionMask = 2147483647;
			files = (
			);
			runOnlyForDeploymentPostprocessing = 0;
		};
/* End PBXResourcesBuildPhase section */

/* Begin PBXSourcesBuildPhase section */
		C2E63CB925A73AA800F2696C /* Sources */ = {
			isa = PBXSourcesBuildPhase;
			buildActionMask = 2147483647;
			files = (
				C2E63CC125A73AA900F2696C /* AppDelegate.swift in Sources */,
				C2E63CC325A73AA900F2696C /* SceneDelegate.swift in Sources */,
				C2E63CC525A73AA900F2696C /* ContentView.swift in Sources */,
			);
			runOnlyForDeploymentPostprocessing = 0;
		};
		C2E63CCF25A73AAA00F2696C /* Sources */ = {
			isa = PBXSourcesBuildPhase;
			buildActionMask = 2147483647;
			files = (
				C2E63CD825A73AAA00F2696C /* AnanKaewsaart_iOS_DeveloperTests.swift in Sources */,
			);
			runOnlyForDeploymentPostprocessing = 0;
		};
		C2E63CDA25A73AAA00F2696C /* Sources */ = {
			isa = PBXSourcesBuildPhase;
			buildActionMask = 2147483647;
			files = (
				C2E63CE325A73AAB00F2696C /* AnanKaewsaart_iOS_DeveloperUITests.swift in Sources */,
			);
			runOnlyForDeploymentPostprocessing = 0;
		};
/* End PBXSourcesBuildPhase section */

/* Begin PBXTargetDependency section */
		C2E63CD525A73AAA00F2696C /* PBXTargetDependency */ = {
			isa = PBXTargetDependency;
			target = C2E63CBC25A73AA800F2696C /* AnanKaewsaart iOS Developer */;
			targetProxy = C2E63CD425A73AAA00F2696C /* PBXContainerItemProxy */;
		};
		C2E63CE025A73AAA00F2696C /* PBXTargetDependency */ = {
			isa = PBXTargetDependency;
			target = C2E63CBC25A73AA800F2696C /* AnanKaewsaart iOS Developer */;
			targetProxy = C2E63CDF25A73AAA00F2696C /* PBXContainerItemProxy */;
		};
/* End PBXTargetDependency section */

/* Begin PBXVariantGroup section */
		C2E63CCB25A73AAA00F2696C /* LaunchScreen.storyboard */ = {
			isa = PBXVariantGroup;
			children = (
				C2E63CCC25A73AAA00F2696C /* Base */,
			);
			name = LaunchScreen.storyboard;
			sourceTree = "<group>";
		};
/* End PBXVariantGroup section */

/* Begin XCBuildConfiguration section */
		C2E63CE525A73AAB00F2696C /* Debug */ = {
			isa = XCBuildConfiguration;
			buildSettings = {
				ALWAYS_SEARCH_USER_PATHS = NO;
				CLANG_ANALYZER_NONNULL = YES;
				CLANG_ANALYZER_NUMBER_OBJECT_CONVERSION = YES_AGGRESSIVE;
				CLANG_CXX_LANGUAGE_STANDARD = "gnu++14";
				CLANG_CXX_LIBRARY = "libc++";
				CLANG_ENABLE_MODULES = YES;
				CLANG_ENABLE_OBJC_ARC = YES;
				CLANG_ENABLE_OBJC_WEAK = YES;
				CLANG_WARN_BLOCK_CAPTURE_AUTORELEASING = YES;
				CLANG_WARN_BOOL_CONVERSION = YES;
				CLANG_WARN_COMMA = YES;
				CLANG_WARN_CONSTANT_CONVERSION = YES;
				CLANG_WARN_DEPRECATED_OBJC_IMPLEMENTATIONS = YES;
				CLANG_WARN_DIRECT_OBJC_ISA_USAGE = YES_ERROR;
				CLANG_WARN_DOCUMENTATION_COMMENTS = YES;
				CLANG_WARN_EMPTY_BODY = YES;
				CLANG_WARN_ENUM_CONVERSION = YES;
				CLANG_WARN_INFINITE_RECURSION = YES;
				CLANG_WARN_INT_CONVERSION = YES;
				CLANG_WARN_NON_LITERAL_NULL_CONVERSION = YES;
				CLANG_WARN_OBJC_IMPLICIT_RETAIN_SELF = YES;
				CLANG_WARN_OBJC_LITERAL_CONVERSION = YES;
				CLANG_WARN_OBJC_ROOT_CLASS = YES_ERROR;
				CLANG_WARN_RANGE_LOOP_ANALYSIS = YES;
				CLANG_WARN_STRICT_PROTOTYPES = YES;
				CLANG_WARN_SUSPICIOUS_MOVE = YES;
				CLANG_WARN_UNGUARDED_AVAILABILITY = YES_AGGRESSIVE;
				CLANG_WARN_UNREACHABLE_CODE = YES;
				CLANG_WARN__DUPLICATE_METHOD_MATCH = YES;
				COPY_PHASE_STRIP = NO;
				DEBUG_INFORMATION_FORMAT = dwarf;
				ENABLE_STRICT_OBJC_MSGSEND = YES;
				ENABLE_TESTABILITY = YES;
				GCC_C_LANGUAGE_STANDARD = gnu11;
				GCC_DYNAMIC_NO_PIC = NO;
				GCC_NO_COMMON_BLOCKS = YES;
				GCC_OPTIMIZATION_LEVEL = 0;
				GCC_PREPROCESSOR_DEFINITIONS = (
					"DEBUG=1",
					"$(inherited)",
				);
				GCC_WARN_64_TO_32_BIT_CONVERSION = YES;
				GCC_WARN_ABOUT_RETURN_TYPE = YES_ERROR;
				GCC_WARN_UNDECLARED_SELECTOR = YES;
				GCC_WARN_UNINITIALIZED_AUTOS = YES_AGGRESSIVE;
				GCC_WARN_UNUSED_FUNCTION = YES;
				GCC_WARN_UNUSED_VARIABLE = YES;
				IPHONEOS_DEPLOYMENT_TARGET = 13.7;
				MTL_ENABLE_DEBUG_INFO = INCLUDE_SOURCE;
				MTL_FAST_MATH = YES;
				ONLY_ACTIVE_ARCH = YES;
				SDKROOT = iphoneos;
				SWIFT_ACTIVE_COMPILATION_CONDITIONS = DEBUG;
				SWIFT_OPTIMIZATION_LEVEL = "-Onone";
			};
			name = Debug;
		};
		C2E63CE625A73AAB00F2696C /* Release */ = {
			isa = XCBuildConfiguration;
			buildSettings = {
				ALWAYS_SEARCH_USER_PATHS = NO;
				CLANG_ANALYZER_NONNULL = YES;
				CLANG_ANALYZER_NUMBER_OBJECT_CONVERSION = YES_AGGRESSIVE;
				CLANG_CXX_LANGUAGE_STANDARD = "gnu++14";
				CLANG_CXX_LIBRARY = "libc++";
				CLANG_ENABLE_MODULES = YES;
				CLANG_ENABLE_OBJC_ARC = YES;
				CLANG_ENABLE_OBJC_WEAK = YES;
				CLANG_WARN_BLOCK_CAPTURE_AUTORELEASING = YES;
				CLANG_WARN_BOOL_CONVERSION = YES;
				CLANG_WARN_COMMA = YES;
				CLANG_WARN_CONSTANT_CONVERSION = YES;
				CLANG_WARN_DEPRECATED_OBJC_IMPLEMENTATIONS = YES;
				CLANG_WARN_DIRECT_OBJC_ISA_USAGE = YES_ERROR;
				CLANG_WARN_DOCUMENTATION_COMMENTS = YES;
				CLANG_WARN_EMPTY_BODY = YES;
				CLANG_WARN_ENUM_CONVERSION = YES;
				CLANG_WARN_INFINITE_RECURSION = YES;
				CLANG_WARN_INT_CONVERSION = YES;
				CLANG_WARN_NON_LITERAL_NULL_CONVERSION = YES;
				CLANG_WARN_OBJC_IMPLICIT_RETAIN_SELF = YES;
				CLANG_WARN_OBJC_LITERAL_CONVERSION = YES;
				CLANG_WARN_OBJC_ROOT_CLASS = YES_ERROR;
				CLANG_WARN_RANGE_LOOP_ANALYSIS = YES;
				CLANG_WARN_STRICT_PROTOTYPES = YES;
				CLANG_WARN_SUSPICIOUS_MOVE = YES;
				CLANG_WARN_UNGUARDED_AVAILABILITY = YES_AGGRESSIVE;
				CLANG_WARN_UNREACHABLE_CODE = YES;
				CLANG_WARN__DUPLICATE_METHOD_MATCH = YES;
				COPY_PHASE_STRIP = NO;
				DEBUG_INFORMATION_FORMAT = "dwarf-with-dsym";
				ENABLE_NS_ASSERTIONS = NO;
				ENABLE_STRICT_OBJC_MSGSEND = YES;
				GCC_C_LANGUAGE_STANDARD = gnu11;
				GCC_NO_COMMON_BLOCKS = YES;
				GCC_WARN_64_TO_32_BIT_CONVERSION = YES;
				GCC_WARN_ABOUT_RETURN_TYPE = YES_ERROR;
				GCC_WARN_UNDECLARED_SELECTOR = YES;
				GCC_WARN_UNINITIALIZED_AUTOS = YES_AGGRESSIVE;
				GCC_WARN_UNUSED_FUNCTION = YES;
				GCC_WARN_UNUSED_VARIABLE = YES;
				IPHONEOS_DEPLOYMENT_TARGET = 13.7;
				MTL_ENABLE_DEBUG_INFO = NO;
				MTL_FAST_MATH = YES;
				SDKROOT = iphoneos;
				SWIFT_COMPILATION_MODE = wholemodule;
				SWIFT_OPTIMIZATION_LEVEL = "-O";
				VALIDATE_PRODUCT = YES;
			};
			name = Release;
		};
		C2E63CE825A73AAB00F2696C /* Debug */ = {
			isa = XCBuildConfiguration;
			buildSettings = {
				ASSETCATALOG_COMPILER_APPICON_NAME = AppIcon;
				CODE_SIGN_STYLE = Automatic;
				DEVELOPMENT_ASSET_PATHS = "\"AnanKaewsaart iOS Developer/Preview Content\"";
				ENABLE_PREVIEWS = YES;
				INFOPLIST_FILE = "AnanKaewsaart iOS Developer/Info.plist";
				LD_RUNPATH_SEARCH_PATHS = (
					"$(inherited)",
					"@executable_path/Frameworks",
				);
				PRODUCT_BUNDLE_IDENTIFIER = "anan.AnanKaewsaart-iOS-Developer";
				PRODUCT_NAME = "$(TARGET_NAME)";
				SWIFT_VERSION = 5.0;
				TARGETED_DEVICE_FAMILY = "1,2";
			};
			name = Debug;
		};
		C2E63CE925A73AAB00F2696C /* Release */ = {
			isa = XCBuildConfiguration;
			buildSettings = {
				ASSETCATALOG_COMPILER_APPICON_NAME = AppIcon;
				CODE_SIGN_STYLE = Automatic;
				DEVELOPMENT_ASSET_PATHS = "\"AnanKaewsaart iOS Developer/Preview Content\"";
				ENABLE_PREVIEWS = YES;
				INFOPLIST_FILE = "AnanKaewsaart iOS Developer/Info.plist";
				LD_RUNPATH_SEARCH_PATHS = (
					"$(inherited)",
					"@executable_path/Frameworks",
				);
				PRODUCT_BUNDLE_IDENTIFIER = "anan.AnanKaewsaart-iOS-Developer";
				PRODUCT_NAME = "$(TARGET_NAME)";
				SWIFT_VERSION = 5.0;
				TARGETED_DEVICE_FAMILY = "1,2";
			};
			name = Release;
		};
		C2E63CEB25A73AAB00F2696C /* Debug */ = {
			isa = XCBuildConfiguration;
			buildSettings = {
				ALWAYS_EMBED_SWIFT_STANDARD_LIBRARIES = YES;
				BUNDLE_LOADER = "$(TEST_HOST)";
				CODE_SIGN_STYLE = Automatic;
				INFOPLIST_FILE = "AnanKaewsaart iOS DeveloperTests/Info.plist";
				IPHONEOS_DEPLOYMENT_TARGET = 13.7;
				LD_RUNPATH_SEARCH_PATHS = (
					"$(inherited)",
					"@executable_path/Frameworks",
					"@loader_path/Frameworks",
				);
				PRODUCT_BUNDLE_IDENTIFIER = "anan.AnanKaewsaart-iOS-DeveloperTests";
				PRODUCT_NAME = "$(TARGET_NAME)";
				SWIFT_VERSION = 5.0;
				TARGETED_DEVICE_FAMILY = "1,2";
				TEST_HOST = "$(BUILT_PRODUCTS_DIR)/AnanKaewsaart iOS Developer.app/AnanKaewsaart iOS Developer";
			};
			name = Debug;
		};
		C2E63CEC25A73AAB00F2696C /* Release */ = {
			isa = XCBuildConfiguration;
			buildSettings = {
				ALWAYS_EMBED_SWIFT_STANDARD_LIBRARIES = YES;
				BUNDLE_LOADER = "$(TEST_HOST)";
				CODE_SIGN_STYLE = Automatic;
				INFOPLIST_FILE = "AnanKaewsaart iOS DeveloperTests/Info.plist";
				IPHONEOS_DEPLOYMENT_TARGET = 13.7;
				LD_RUNPATH_SEARCH_PATHS = (
					"$(inherited)",
					"@executable_path/Frameworks",
					"@loader_path/Frameworks",
				);
				PRODUCT_BUNDLE_IDENTIFIER = "anan.AnanKaewsaart-iOS-DeveloperTests";
				PRODUCT_NAME = "$(TARGET_NAME)";
				SWIFT_VERSION = 5.0;
				TARGETED_DEVICE_FAMILY = "1,2";
				TEST_HOST = "$(BUILT_PRODUCTS_DIR)/AnanKaewsaart iOS Developer.app/AnanKaewsaart iOS Developer";
			};
			name = Release;
		};
		C2E63CEE25A73AAB00F2696C /* Debug */ = {
			isa = XCBuildConfiguration;
			buildSettings = {
				ALWAYS_EMBED_SWIFT_STANDARD_LIBRARIES = YES;
				CODE_SIGN_STYLE = Automatic;
				INFOPLIST_FILE = "AnanKaewsaart iOS DeveloperUITests/Info.plist";
				LD_RUNPATH_SEARCH_PATHS = (
					"$(inherited)",
					"@executable_path/Frameworks",
					"@loader_path/Frameworks",
				);
				PRODUCT_BUNDLE_IDENTIFIER = "anan.AnanKaewsaart-iOS-DeveloperUITests";
				PRODUCT_NAME = "$(TARGET_NAME)";
				SWIFT_VERSION = 5.0;
				TARGETED_DEVICE_FAMILY = "1,2";
				TEST_TARGET_NAME = "AnanKaewsaart iOS Developer";
			};
			name = Debug;
		};
		C2E63CEF25A73AAB00F2696C /* Release */ = {
			isa = XCBuildConfiguration;
			buildSettings = {
				ALWAYS_EMBED_SWIFT_STANDARD_LIBRARIES = YES;
				CODE_SIGN_STYLE = Automatic;
				INFOPLIST_FILE = "AnanKaewsaart iOS DeveloperUITests/Info.plist";
				LD_RUNPATH_SEARCH_PATHS = (
					"$(inherited)",
					"@executable_path/Frameworks",
					"@loader_path/Frameworks",
				);
				PRODUCT_BUNDLE_IDENTIFIER = "anan.AnanKaewsaart-iOS-DeveloperUITests";
				PRODUCT_NAME = "$(TARGET_NAME)";
				SWIFT_VERSION = 5.0;
				TARGETED_DEVICE_FAMILY = "1,2";
				TEST_TARGET_NAME = "AnanKaewsaart iOS Developer";
			};
			name = Release;
		};
/* End XCBuildConfiguration section */

/* Begin XCConfigurationList section */
		C2E63CB825A73AA800F2696C /* Build configuration list for PBXProject "AnanKaewsaart iOS Developer" */ = {
			isa = XCConfigurationList;
			buildConfigurations = (
				C2E63CE525A73AAB00F2696C /* Debug */,
				C2E63CE625A73AAB00F2696C /* Release */,
			);
			defaultConfigurationIsVisible = 0;
			defaultConfigurationName = Release;
		};
		C2E63CE725A73AAB00F2696C /* Build configuration list for PBXNativeTarget "AnanKaewsaart iOS Developer" */ = {
			isa = XCConfigurationList;
			buildConfigurations = (
				C2E63CE825A73AAB00F2696C /* Debug */,
				C2E63CE925A73AAB00F2696C /* Release */,
			);
			defaultConfigurationIsVisible = 0;
			defaultConfigurationName = Release;
		};
		C2E63CEA25A73AAB00F2696C /* Build configuration list for PBXNativeTarget "AnanKaewsaart iOS DeveloperTests" */ = {
			isa = XCConfigurationList;
			buildConfigurations = (
				C2E63CEB25A73AAB00F2696C /* Debug */,
				C2E63CEC25A73AAB00F2696C /* Release */,
			);
			defaultConfigurationIsVisible = 0;
			defaultConfigurationName = Release;
		};
		C2E63CED25A73AAB00F2696C /* Build configuration list for PBXNativeTarget "AnanKaewsaart iOS DeveloperUITests" */ = {
			isa = XCConfigurationList;
			buildConfigurations = (
				C2E63CEE25A73AAB00F2696C /* Debug */,
				C2E63CEF25A73AAB00F2696C /* Release */,
			);
			defaultConfigurationIsVisible = 0;
			defaultConfigurationName = Release;
		};
/* End XCConfigurationList section */
	};
	rootObject = C2E63CB525A73AA800F2696C /* Project object */;
}
